
Microsoft Visual Studio Solution File, Format Version 10.00
# Visual C# Express 2008
Project("{FAE04EC0-301F-11D3-BF4B-00C04F79EFBC}") = "EmbeddingPlugin", "EmbeddingPlugin\EmbeddingPlugin.csproj", "{81386E95-CAFB-4032-A2CA-84FBDE0C1013}"
EndProject
Project("{FAE04EC0-301F-11D3-BF4B-00C04F79EFBC}") = "Plugins", "PluginBase\Plugins.csproj", "{89416D0C-05DB-4CCB-9481-8EBAF7032858}"
EndProject
Global
	GlobalSection(SolutionConfigurationPlatforms) = preSolution
		Debug|Any CPU = Debug|Any CPU
		Release|Any CPU = Release|Any CPU
	EndGlobalSection
	GlobalSection(ProjectConfigurationPlatforms) = postSolution
		{81386E95-CAFB-4032-A2CA-84FBDE0C1013}.Debug|Any CPU.ActiveCfg = Debug|Any CPU
		{81386E95-CAFB-4032-A2CA-84FBDE0C1013}.Debug|Any CPU.Build.0 = Debug|Any CPU
		{81386E95-CAFB-4032-A2CA-84FBDE0C1013}.Release|Any CPU.ActiveCfg = Release|Any CPU
		{81386E95-CAFB-4032-A2CA-84FBDE0C1013}.Release|Any CPU.Build.0 = Release|Any CPU
		{89416D0C-05DB-4CCB-9481-8EBAF7032858}.Debug|Any CPU.ActiveCfg = Debug|Any CPU
		{89416D0C-05DB-4CCB-9481-8EBAF7032858}.Debug|Any CPU.Build.0 = Debug|Any CPU
		{89416D0C-05DB-4CCB-9481-8EBAF7032858}.Release|Any CPU.ActiveCfg = Release|Any CPU
		{89416D0C-05DB-4CCB-9481-8EBAF7032858}.Release|Any CPU.Build.0 = Release|Any CPU
	EndGlobalSection
	GlobalSection(SolutionProperties) = preSolution
		HideSolutionNode = FALSE
	EndGlobalSection
EndGlobal
