
Microsoft Visual Studio Solution File, Format Version 10.00
# Visual C# Express 2008
Project("{FAE04EC0-301F-11D3-BF4B-00C04F79EFBC}") = "BasicEmbedding", "BasicEmbedded\BasicEmbedding.csproj", "{182A5A41-1F64-4E7D-BCDA-C8DB6E828C01}"
EndProject
Project("{FAE04EC0-301F-11D3-BF4B-00C04F79EFBC}") = "ClassLibrary", "ClassLibrary\ClassLibrary.csproj", "{2A538A09-09C9-4A77-A991-7016BC1E9BC7}"
EndProject
Global
	GlobalSection(SolutionConfigurationPlatforms) = preSolution
		Debug|Any CPU = Debug|Any CPU
		Release|Any CPU = Release|Any CPU
	EndGlobalSection
	GlobalSection(ProjectConfigurationPlatforms) = postSolution
		{182A5A41-1F64-4E7D-BCDA-C8DB6E828C01}.Debug|Any CPU.ActiveCfg = Debug|Any CPU
		{182A5A41-1F64-4E7D-BCDA-C8DB6E828C01}.Debug|Any CPU.Build.0 = Debug|Any CPU
		{182A5A41-1F64-4E7D-BCDA-C8DB6E828C01}.Release|Any CPU.ActiveCfg = Release|Any CPU
		{182A5A41-1F64-4E7D-BCDA-C8DB6E828C01}.Release|Any CPU.Build.0 = Release|Any CPU
		{2A538A09-09C9-4A77-A991-7016BC1E9BC7}.Debug|Any CPU.ActiveCfg = Debug|Any CPU
		{2A538A09-09C9-4A77-A991-7016BC1E9BC7}.Debug|Any CPU.Build.0 = Debug|Any CPU
		{2A538A09-09C9-4A77-A991-7016BC1E9BC7}.Release|Any CPU.ActiveCfg = Release|Any CPU
		{2A538A09-09C9-4A77-A991-7016BC1E9BC7}.Release|Any CPU.Build.0 = Release|Any CPU
	EndGlobalSection
	GlobalSection(SolutionProperties) = preSolution
		HideSolutionNode = FALSE
	EndGlobalSection
EndGlobal
