
Microsoft Visual Studio Solution File, Format Version 10.00
# Visual C# Express 2008
Project("{FAE04EC0-301F-11D3-BF4B-00C04F79EFBC}") = "EmbeddedExecutable", "EmbeddedExecutable\EmbeddedExecutable.csproj", "{09DC5C5F-3475-46CD-85A0-DB90D384B3F6}"
EndProject
Global
	GlobalSection(SolutionConfigurationPlatforms) = preSolution
		Debug|Any CPU = Debug|Any CPU
		Release|Any CPU = Release|Any CPU
	EndGlobalSection
	GlobalSection(ProjectConfigurationPlatforms) = postSolution
		{09DC5C5F-3475-46CD-85A0-DB90D384B3F6}.Debug|Any CPU.ActiveCfg = Debug|Any CPU
		{09DC5C5F-3475-46CD-85A0-DB90D384B3F6}.Debug|Any CPU.Build.0 = Debug|Any CPU
		{09DC5C5F-3475-46CD-85A0-DB90D384B3F6}.Release|Any CPU.ActiveCfg = Release|Any CPU
		{09DC5C5F-3475-46CD-85A0-DB90D384B3F6}.Release|Any CPU.Build.0 = Release|Any CPU
	EndGlobalSection
	GlobalSection(SolutionProperties) = preSolution
		HideSolutionNode = FALSE
	EndGlobalSection
EndGlobal
